{
    "hash": "7563f6a0e3d190e3cec9e20070fac0c4",
    "packages": [
        {
            "package": "symfony/config",
            "version": "v2.1.0"
        }
    ],
    "packages-dev": [
        {
            "package": "pimple/pimple",
            "version": "1.0.0"
        },
        {
            "package": "silex/silex",
            "version": "dev-master",
            "alias-pretty-version": "1.0.x-dev",
            "alias-version": "1.0.9999999.9999999-dev"
        },
        {
            "package": "silex/silex",
            "version": "dev-master",
            "source-reference": "73b18ef69f74d878465dba0836ad96affc6c820c",
            "commit-date": "1346766167"
        },
        {
            "package": "symfony/event-dispatcher",
            "version": "v2.1.0"
        },
        {
            "package": "symfony/http-foundation",
            "version": "v2.1.0"
        },
        {
            "package": "symfony/http-kernel",
            "version": "v2.1.0"
        },
        {
            "package": "symfony/routing",
            "version": "v2.1.0"
        },
        {
            "package": "symfony/yaml",
            "version": "v2.1.0"
        }
    ],
    "aliases": [

    ],
    "minimum-stability": "stable",
    "stability-flags": {
        "silex/silex": 20
    }
}
